<Solution>
  <Project Path="ModLifecycleAttributes/ModLifecycleAttributes.Sample/ModLifecycleAttributes.Sample.csproj" />
  <Project Path="ModLifecycleAttributes/ModLifecycleAttributes.Tests/ModLifecycleAttributes.Tests.csproj" />
  <Project Path="ModLifecycleAttributes/ModLifecycleAttributes/ModLifecycleAttributes.csproj" />
</Solution>
